// !$*UTF8*$!
{
	archiveVersion = 1;
	classes = {
	};
	objectVersion = 56;
	objects = {

/* Begin PBXBuildFile section */
		2CB029C3C1DF044F398BCE17 /* Pods_Repositories_App_Repositories_AppUITests.framework in Frameworks */ = {isa = PBXBuildFile; fileRef = 00C95752FE444D35C2707EB2 /* Pods_Repositories_App_Repositories_AppUITests.framework */; };
		44D9BF3A2AEB620C0038F22D /* AppDelegate.swift in Sources */ = {isa = PBXBuildFile; fileRef = 44D9BF392AEB620C0038F22D /* AppDelegate.swift */; };
		44D9BF3C2AEB620C0038F22D /* SceneDelegate.swift in Sources */ = {isa = PBXBuildFile; fileRef = 44D9BF3B2AEB620C0038F22D /* SceneDelegate.swift */; };
		44D9BF3E2AEB620C0038F22D /* ViewController.swift in Sources */ = {isa = PBXBuildFile; fileRef = 44D9BF3D2AEB620C0038F22D /* ViewController.swift */; };
		44D9BF412AEB620C0038F22D /* Main.storyboard in Resources */ = {isa = PBXBuildFile; fileRef = 44D9BF3F2AEB620C0038F22D /* Main.storyboard */; };
		44D9BF442AEB620C0038F22D /* Repositories_App.xcdatamodeld in Sources */ = {isa = PBXBuildFile; fileRef = 44D9BF422AEB620C0038F22D /* Repositories_App.xcdatamodeld */; };
		44D9BF462AEB620E0038F22D /* Assets.xcassets in Resources */ = {isa = PBXBuildFile; fileRef = 44D9BF452AEB620E0038F22D /* Assets.xcassets */; };
		44D9BF492AEB620E0038F22D /* LaunchScreen.storyboard in Resources */ = {isa = PBXBuildFile; fileRef = 44D9BF472AEB620E0038F22D /* LaunchScreen.storyboard */; };
		44D9BF542AEB620E0038F22D /* Repositories_AppTests.swift in Sources */ = {isa = PBXBuildFile; fileRef = 44D9BF532AEB620E0038F22D /* Repositories_AppTests.swift */; };
		44D9BF5E2AEB620E0038F22D /* Repositories_AppUITests.swift in Sources */ = {isa = PBXBuildFile; fileRef = 44D9BF5D2AEB620E0038F22D /* Repositories_AppUITests.swift */; };
		44D9BF602AEB620E0038F22D /* Repositories_AppUITestsLaunchTests.swift in Sources */ = {isa = PBXBuildFile; fileRef = 44D9BF5F2AEB620E0038F22D /* Repositories_AppUITestsLaunchTests.swift */; };
		7326352E0F2701E8AA160A7E /* Pods_Repositories_AppTests.framework in Frameworks */ = {isa = PBXBuildFile; fileRef = 79B9127400B2920C6C9F388A /* Pods_Repositories_AppTests.framework */; };
		AF0400F73D325E4E55B88D9F /* Pods_Repositories_App.framework in Frameworks */ = {isa = PBXBuildFile; fileRef = 4B1343DDEA5A6F97E88C9E4E /* Pods_Repositories_App.framework */; };
/* End PBXBuildFile section */

/* Begin PBXContainerItemProxy section */
		44D9BF502AEB620E0038F22D /* PBXContainerItemProxy */ = {
			isa = PBXContainerItemProxy;
			containerPortal = 44D9BF2E2AEB620C0038F22D /* Project object */;
			proxyType = 1;
			remoteGlobalIDString = 44D9BF352AEB620C0038F22D;
			remoteInfo = "Repositories App";
		};
		44D9BF5A2AEB620E0038F22D /* PBXContainerItemProxy */ = {
			isa = PBXContainerItemProxy;
			containerPortal = 44D9BF2E2AEB620C0038F22D /* Project object */;
			proxyType = 1;
			remoteGlobalIDString = 44D9BF352AEB620C0038F22D;
			remoteInfo = "Repositories App";
		};
/* End PBXContainerItemProxy section */

/* Begin PBXFileReference section */
		00C95752FE444D35C2707EB2 /* Pods_Repositories_App_Repositories_AppUITests.framework */ = {isa = PBXFileReference; explicitFileType = wrapper.framework; includeInIndex = 0; path = Pods_Repositories_App_Repositories_AppUITests.framework; sourceTree = BUILT_PRODUCTS_DIR; };
		44D9BF362AEB620C0038F22D /* Repositories App.app */ = {isa = PBXFileReference; explicitFileType = wrapper.application; includeInIndex = 0; path = "Repositories App.app"; sourceTree = BUILT_PRODUCTS_DIR; };
		44D9BF392AEB620C0038F22D /* AppDelegate.swift */ = {isa = PBXFileReference; lastKnownFileType = sourcecode.swift; path = AppDelegate.swift; sourceTree = "<group>"; };
		44D9BF3B2AEB620C0038F22D /* SceneDelegate.swift */ = {isa = PBXFileReference; lastKnownFileType = sourcecode.swift; path = SceneDelegate.swift; sourceTree = "<group>"; };
		44D9BF3D2AEB620C0038F22D /* ViewController.swift */ = {isa = PBXFileReference; lastKnownFileType = sourcecode.swift; path = ViewController.swift; sourceTree = "<group>"; };
		44D9BF402AEB620C0038F22D /* Base */ = {isa = PBXFileReference; lastKnownFileType = file.storyboard; name = Base; path = Base.lproj/Main.storyboard; sourceTree = "<group>"; };
		44D9BF432AEB620C0038F22D /* Repositories_App.xcdatamodel */ = {isa = PBXFileReference; lastKnownFileType = wrapper.xcdatamodel; path = Repositories_App.xcdatamodel; sourceTree = "<group>"; };
		44D9BF452AEB620E0038F22D /* Assets.xcassets */ = {isa = PBXFileReference; lastKnownFileType = folder.assetcatalog; path = Assets.xcassets; sourceTree = "<group>"; };
		44D9BF482AEB620E0038F22D /* Base */ = {isa = PBXFileReference; lastKnownFileType = file.storyboard; name = Base; path = Base.lproj/LaunchScreen.storyboard; sourceTree = "<group>"; };
		44D9BF4A2AEB620E0038F22D /* Info.plist */ = {isa = PBXFileReference; lastKnownFileType = text.plist.xml; path = Info.plist; sourceTree = "<group>"; };
		44D9BF4F2AEB620E0038F22D /* Repositories AppTests.xctest */ = {isa = PBXFileReference; explicitFileType = wrapper.cfbundle; includeInIndex = 0; path = "Repositories AppTests.xctest"; sourceTree = BUILT_PRODUCTS_DIR; };
		44D9BF532AEB620E0038F22D /* Repositories_AppTests.swift */ = {isa = PBXFileReference; lastKnownFileType = sourcecode.swift; path = Repositories_AppTests.swift; sourceTree = "<group>"; };
		44D9BF592AEB620E0038F22D /* Repositories AppUITests.xctest */ = {isa = PBXFileReference; explicitFileType = wrapper.cfbundle; includeInIndex = 0; path = "Repositories AppUITests.xctest"; sourceTree = BUILT_PRODUCTS_DIR; };
		44D9BF5D2AEB620E0038F22D /* Repositories_AppUITests.swift */ = {isa = PBXFileReference; lastKnownFileType = sourcecode.swift; path = Repositories_AppUITests.swift; sourceTree = "<group>"; };
		44D9BF5F2AEB620E0038F22D /* Repositories_AppUITestsLaunchTests.swift */ = {isa = PBXFileReference; lastKnownFileType = sourcecode.swift; path = Repositories_AppUITestsLaunchTests.swift; sourceTree = "<group>"; };
		4B1343DDEA5A6F97E88C9E4E /* Pods_Repositories_App.framework */ = {isa = PBXFileReference; explicitFileType = wrapper.framework; includeInIndex = 0; path = Pods_Repositories_App.framework; sourceTree = BUILT_PRODUCTS_DIR; };
		5A75D3E10E2CB54FDB5A804F /* Pods-Repositories AppTests.debug.xcconfig */ = {isa = PBXFileReference; includeInIndex = 1; lastKnownFileType = text.xcconfig; name = "Pods-Repositories AppTests.debug.xcconfig"; path = "Target Support Files/Pods-Repositories AppTests/Pods-Repositories AppTests.debug.xcconfig"; sourceTree = "<group>"; };
		5AF4F64AC76228E80E0C6687 /* Pods-Repositories App.release.xcconfig */ = {isa = PBXFileReference; includeInIndex = 1; lastKnownFileType = text.xcconfig; name = "Pods-Repositories App.release.xcconfig"; path = "Target Support Files/Pods-Repositories App/Pods-Repositories App.release.xcconfig"; sourceTree = "<group>"; };
		79B9127400B2920C6C9F388A /* Pods_Repositories_AppTests.framework */ = {isa = PBXFileReference; explicitFileType = wrapper.framework; includeInIndex = 0; path = Pods_Repositories_AppTests.framework; sourceTree = BUILT_PRODUCTS_DIR; };
		A507BC8BE1C308744B49AC01 /* Pods-Repositories AppTests.release.xcconfig */ = {isa = PBXFileReference; includeInIndex = 1; lastKnownFileType = text.xcconfig; name = "Pods-Repositories AppTests.release.xcconfig"; path = "Target Support Files/Pods-Repositories AppTests/Pods-Repositories AppTests.release.xcconfig"; sourceTree = "<group>"; };
		D5D3BD1A6F658AC4E3B13606 /* Pods-Repositories App-Repositories AppUITests.release.xcconfig */ = {isa = PBXFileReference; includeInIndex = 1; lastKnownFileType = text.xcconfig; name = "Pods-Repositories App-Repositories AppUITests.release.xcconfig"; path = "Target Support Files/Pods-Repositories App-Repositories AppUITests/Pods-Repositories App-Repositories AppUITests.release.xcconfig"; sourceTree = "<group>"; };
		F03079A09D86402FC0C4101A /* Pods-Repositories App.debug.xcconfig */ = {isa = PBXFileReference; includeInIndex = 1; lastKnownFileType = text.xcconfig; name = "Pods-Repositories App.debug.xcconfig"; path = "Target Support Files/Pods-Repositories App/Pods-Repositories App.debug.xcconfig"; sourceTree = "<group>"; };
		F4609C5AA705A096E91C4329 /* Pods-Repositories App-Repositories AppUITests.debug.xcconfig */ = {isa = PBXFileReference; includeInIndex = 1; lastKnownFileType = text.xcconfig; name = "Pods-Repositories App-Repositories AppUITests.debug.xcconfig"; path = "Target Support Files/Pods-Repositories App-Repositories AppUITests/Pods-Repositories App-Repositories AppUITests.debug.xcconfig"; sourceTree = "<group>"; };
/* End PBXFileReference section */

/* Begin PBXFrameworksBuildPhase section */
		44D9BF332AEB620C0038F22D /* Frameworks */ = {
			isa = PBXFrameworksBuildPhase;
			buildActionMask = 2147483647;
			files = (
				AF0400F73D325E4E55B88D9F /* Pods_Repositories_App.framework in Frameworks */,
			);
			runOnlyForDeploymentPostprocessing = 0;
		};
		44D9BF4C2AEB620E0038F22D /* Frameworks */ = {
			isa = PBXFrameworksBuildPhase;
			buildActionMask = 2147483647;
			files = (
				7326352E0F2701E8AA160A7E /* Pods_Repositories_AppTests.framework in Frameworks */,
			);
			runOnlyForDeploymentPostprocessing = 0;
		};
		44D9BF562AEB620E0038F22D /* Frameworks */ = {
			isa = PBXFrameworksBuildPhase;
			buildActionMask = 2147483647;
			files = (
				2CB029C3C1DF044F398BCE17 /* Pods_Repositories_App_Repositories_AppUITests.framework in Frameworks */,
			);
			runOnlyForDeploymentPostprocessing = 0;
		};
/* End PBXFrameworksBuildPhase section */

/* Begin PBXGroup section */
		44D9BF2D2AEB620C0038F22D = {
			isa = PBXGroup;
			children = (
				44D9BF382AEB620C0038F22D /* Repositories App */,
				44D9BF522AEB620E0038F22D /* Repositories AppTests */,
				44D9BF5C2AEB620E0038F22D /* Repositories AppUITests */,
				44D9BF372AEB620C0038F22D /* Products */,
				C3487A19C64D603944B65E4C /* Pods */,
				894E3DFC53B19BF1B9B69F30 /* Frameworks */,
			);
			sourceTree = "<group>";
		};
		44D9BF372AEB620C0038F22D /* Products */ = {
			isa = PBXGroup;
			children = (
				44D9BF362AEB620C0038F22D /* Repositories App.app */,
				44D9BF4F2AEB620E0038F22D /* Repositories AppTests.xctest */,
				44D9BF592AEB620E0038F22D /* Repositories AppUITests.xctest */,
			);
			name = Products;
			sourceTree = "<group>";
		};
		44D9BF382AEB620C0038F22D /* Repositories App */ = {
			isa = PBXGroup;
			children = (
				44D9BF392AEB620C0038F22D /* AppDelegate.swift */,
				44D9BF3B2AEB620C0038F22D /* SceneDelegate.swift */,
				44D9BF3D2AEB620C0038F22D /* ViewController.swift */,
				44D9BF3F2AEB620C0038F22D /* Main.storyboard */,
				44D9BF452AEB620E0038F22D /* Assets.xcassets */,
				44D9BF472AEB620E0038F22D /* LaunchScreen.storyboard */,
				44D9BF4A2AEB620E0038F22D /* Info.plist */,
				44D9BF422AEB620C0038F22D /* Repositories_App.xcdatamodeld */,
			);
			path = "Repositories App";
			sourceTree = "<group>";
		};
		44D9BF522AEB620E0038F22D /* Repositories AppTests */ = {
			isa = PBXGroup;
			children = (
				44D9BF532AEB620E0038F22D /* Repositories_AppTests.swift */,
			);
			path = "Repositories AppTests";
			sourceTree = "<group>";
		};
		44D9BF5C2AEB620E0038F22D /* Repositories AppUITests */ = {
			isa = PBXGroup;
			children = (
				44D9BF5D2AEB620E0038F22D /* Repositories_AppUITests.swift */,
				44D9BF5F2AEB620E0038F22D /* Repositories_AppUITestsLaunchTests.swift */,
			);
			path = "Repositories AppUITests";
			sourceTree = "<group>";
		};
		894E3DFC53B19BF1B9B69F30 /* Frameworks */ = {
			isa = PBXGroup;
			children = (
				4B1343DDEA5A6F97E88C9E4E /* Pods_Repositories_App.framework */,
				00C95752FE444D35C2707EB2 /* Pods_Repositories_App_Repositories_AppUITests.framework */,
				79B9127400B2920C6C9F388A /* Pods_Repositories_AppTests.framework */,
			);
			name = Frameworks;
			sourceTree = "<group>";
		};
		C3487A19C64D603944B65E4C /* Pods */ = {
			isa = PBXGroup;
			children = (
				F03079A09D86402FC0C4101A /* Pods-Repositories App.debug.xcconfig */,
				5AF4F64AC76228E80E0C6687 /* Pods-Repositories App.release.xcconfig */,
				F4609C5AA705A096E91C4329 /* Pods-Repositories App-Repositories AppUITests.debug.xcconfig */,
				D5D3BD1A6F658AC4E3B13606 /* Pods-Repositories App-Repositories AppUITests.release.xcconfig */,
				5A75D3E10E2CB54FDB5A804F /* Pods-Repositories AppTests.debug.xcconfig */,
				A507BC8BE1C308744B49AC01 /* Pods-Repositories AppTests.release.xcconfig */,
			);
			name = Pods;
			path = Pods;
			sourceTree = "<group>";
		};
/* End PBXGroup section */

/* Begin PBXNativeTarget section */
		44D9BF352AEB620C0038F22D /* Repositories App */ = {
			isa = PBXNativeTarget;
			buildConfigurationList = 44D9BF632AEB620E0038F22D /* Build configuration list for PBXNativeTarget "Repositories App" */;
			buildPhases = (
				34788CF534EEC598AB33F6F6 /* [CP] Check Pods Manifest.lock */,
				44D9BF322AEB620C0038F22D /* Sources */,
				44D9BF332AEB620C0038F22D /* Frameworks */,
				44D9BF342AEB620C0038F22D /* Resources */,
				A558A0CE98B9869FFB3F80C5 /* [CP] Embed Pods Frameworks */,
			);
			buildRules = (
			);
			dependencies = (
			);
			name = "Repositories App";
			productName = "Repositories App";
			productReference = 44D9BF362AEB620C0038F22D /* Repositories App.app */;
			productType = "com.apple.product-type.application";
		};
		44D9BF4E2AEB620E0038F22D /* Repositories AppTests */ = {
			isa = PBXNativeTarget;
			buildConfigurationList = 44D9BF662AEB620E0038F22D /* Build configuration list for PBXNativeTarget "Repositories AppTests" */;
			buildPhases = (
				144D7275C18AC6D83438BF58 /* [CP] Check Pods Manifest.lock */,
				44D9BF4B2AEB620E0038F22D /* Sources */,
				44D9BF4C2AEB620E0038F22D /* Frameworks */,
				44D9BF4D2AEB620E0038F22D /* Resources */,
			);
			buildRules = (
			);
			dependencies = (
				44D9BF512AEB620E0038F22D /* PBXTargetDependency */,
			);
			name = "Repositories AppTests";
			productName = "Repositories AppTests";
			productReference = 44D9BF4F2AEB620E0038F22D /* Repositories AppTests.xctest */;
			productType = "com.apple.product-type.bundle.unit-test";
		};
		44D9BF582AEB620E0038F22D /* Repositories AppUITests */ = {
			isa = PBXNativeTarget;
			buildConfigurationList = 44D9BF692AEB620E0038F22D /* Build configuration list for PBXNativeTarget "Repositories AppUITests" */;
			buildPhases = (
				25925873B24D58AC28E193EB /* [CP] Check Pods Manifest.lock */,
				44D9BF552AEB620E0038F22D /* Sources */,
				44D9BF562AEB620E0038F22D /* Frameworks */,
				44D9BF572AEB620E0038F22D /* Resources */,
				CB575CF7DC3966ABB9C8C0BA /* [CP] Embed Pods Frameworks */,
			);
			buildRules = (
			);
			dependencies = (
				44D9BF5B2AEB620E0038F22D /* PBXTargetDependency */,
			);
			name = "Repositories AppUITests";
			productName = "Repositories AppUITests";
			productReference = 44D9BF592AEB620E0038F22D /* Repositories AppUITests.xctest */;
			productType = "com.apple.product-type.bundle.ui-testing";
		};
/* End PBXNativeTarget section */

/* Begin PBXProject section */
		44D9BF2E2AEB620C0038F22D /* Project object */ = {
			isa = PBXProject;
			attributes = {
				BuildIndependentTargetsInParallel = 1;
				LastSwiftUpdateCheck = 1430;
				LastUpgradeCheck = 1430;
				TargetAttributes = {
					44D9BF352AEB620C0038F22D = {
						CreatedOnToolsVersion = 14.3;
					};
					44D9BF4E2AEB620E0038F22D = {
						CreatedOnToolsVersion = 14.3;
						TestTargetID = 44D9BF352AEB620C0038F22D;
					};
					44D9BF582AEB620E0038F22D = {
						CreatedOnToolsVersion = 14.3;
						TestTargetID = 44D9BF352AEB620C0038F22D;
					};
				};
			};
			buildConfigurationList = 44D9BF312AEB620C0038F22D /* Build configuration list for PBXProject "Repositories App" */;
			compatibilityVersion = "Xcode 14.0";
			developmentRegion = en;
			hasScannedForEncodings = 0;
			knownRegions = (
				en,
				Base,
			);
			mainGroup = 44D9BF2D2AEB620C0038F22D;
			productRefGroup = 44D9BF372AEB620C0038F22D /* Products */;
			projectDirPath = "";
			projectRoot = "";
			targets = (
				44D9BF352AEB620C0038F22D /* Repositories App */,
				44D9BF4E2AEB620E0038F22D /* Repositories AppTests */,
				44D9BF582AEB620E0038F22D /* Repositories AppUITests */,
			);
		};
/* End PBXProject section */

/* Begin PBXResourcesBuildPhase section */
		44D9BF342AEB620C0038F22D /* Resources */ = {
			isa = PBXResourcesBuildPhase;
			buildActionMask = 2147483647;
			files = (
				44D9BF492AEB620E0038F22D /* LaunchScreen.storyboard in Resources */,
				44D9BF462AEB620E0038F22D /* Assets.xcassets in Resources */,
				44D9BF412AEB620C0038F22D /* Main.storyboard in Resources */,
			);
			runOnlyForDeploymentPostprocessing = 0;
		};
		44D9BF4D2AEB620E0038F22D /* Resources */ = {
			isa = PBXResourcesBuildPhase;
			buildActionMask = 2147483647;
			files = (
			);
			runOnlyForDeploymentPostprocessing = 0;
		};
		44D9BF572AEB620E0038F22D /* Resources */ = {
			isa = PBXResourcesBuildPhase;
			buildActionMask = 2147483647;
			files = (
			);
			runOnlyForDeploymentPostprocessing = 0;
		};
/* End PBXResourcesBuildPhase section */

/* Begin PBXShellScriptBuildPhase section */
		144D7275C18AC6D83438BF58 /* [CP] Check Pods Manifest.lock */ = {
			isa = PBXShellScriptBuildPhase;
			buildActionMask = 2147483647;
			files = (
			);
			inputFileListPaths = (
			);
			inputPaths = (
				"${PODS_PODFILE_DIR_PATH}/Podfile.lock",
				"${PODS_ROOT}/Manifest.lock",
			);
			name = "[CP] Check Pods Manifest.lock";
			outputFileListPaths = (
			);
			outputPaths = (
				"$(DERIVED_FILE_DIR)/Pods-Repositories AppTests-checkManifestLockResult.txt",
			);
			runOnlyForDeploymentPostprocessing = 0;
			shellPath = /bin/sh;
			shellScript = "diff \"${PODS_PODFILE_DIR_PATH}/Podfile.lock\" \"${PODS_ROOT}/Manifest.lock\" > /dev/null\nif [ $? != 0 ] ; then\n    # print error to STDERR\n    echo \"error: The sandbox is not in sync with the Podfile.lock. Run 'pod install' or update your CocoaPods installation.\" >&2\n    exit 1\nfi\n# This output is used by Xcode 'outputs' to avoid re-running this script phase.\necho \"SUCCESS\" > \"${SCRIPT_OUTPUT_FILE_0}\"\n";
			showEnvVarsInLog = 0;
		};
		25925873B24D58AC28E193EB /* [CP] Check Pods Manifest.lock */ = {
			isa = PBXShellScriptBuildPhase;
			buildActionMask = 2147483647;
			files = (
			);
			inputFileListPaths = (
			);
			inputPaths = (
				"${PODS_PODFILE_DIR_PATH}/Podfile.lock",
				"${PODS_ROOT}/Manifest.lock",
			);
			name = "[CP] Check Pods Manifest.lock";
			outputFileListPaths = (
			);
			outputPaths = (
				"$(DERIVED_FILE_DIR)/Pods-Repositories App-Repositories AppUITests-checkManifestLockResult.txt",
			);
			runOnlyForDeploymentPostprocessing = 0;
			shellPath = /bin/sh;
			shellScript = "diff \"${PODS_PODFILE_DIR_PATH}/Podfile.lock\" \"${PODS_ROOT}/Manifest.lock\" > /dev/null\nif [ $? != 0 ] ; then\n    # print error to STDERR\n    echo \"error: The sandbox is not in sync with the Podfile.lock. Run 'pod install' or update your CocoaPods installation.\" >&2\n    exit 1\nfi\n# This output is used by Xcode 'outputs' to avoid re-running this script phase.\necho \"SUCCESS\" > \"${SCRIPT_OUTPUT_FILE_0}\"\n";
			showEnvVarsInLog = 0;
		};
		34788CF534EEC598AB33F6F6 /* [CP] Check Pods Manifest.lock */ = {
			isa = PBXShellScriptBuildPhase;
			buildActionMask = 2147483647;
			files = (
			);
			inputFileListPaths = (
			);
			inputPaths = (
				"${PODS_PODFILE_DIR_PATH}/Podfile.lock",
				"${PODS_ROOT}/Manifest.lock",
			);
			name = "[CP] Check Pods Manifest.lock";
			outputFileListPaths = (
			);
			outputPaths = (
				"$(DERIVED_FILE_DIR)/Pods-Repositories App-checkManifestLockResult.txt",
			);
			runOnlyForDeploymentPostprocessing = 0;
			shellPath = /bin/sh;
			shellScript = "diff \"${PODS_PODFILE_DIR_PATH}/Podfile.lock\" \"${PODS_ROOT}/Manifest.lock\" > /dev/null\nif [ $? != 0 ] ; then\n    # print error to STDERR\n    echo \"error: The sandbox is not in sync with the Podfile.lock. Run 'pod install' or update your CocoaPods installation.\" >&2\n    exit 1\nfi\n# This output is used by Xcode 'outputs' to avoid re-running this script phase.\necho \"SUCCESS\" > \"${SCRIPT_OUTPUT_FILE_0}\"\n";
			showEnvVarsInLog = 0;
		};
		A558A0CE98B9869FFB3F80C5 /* [CP] Embed Pods Frameworks */ = {
			isa = PBXShellScriptBuildPhase;
			buildActionMask = 2147483647;
			files = (
			);
			inputFileListPaths = (
				"${PODS_ROOT}/Target Support Files/Pods-Repositories App/Pods-Repositories App-frameworks-${CONFIGURATION}-input-files.xcfilelist",
			);
			name = "[CP] Embed Pods Frameworks";
			outputFileListPaths = (
				"${PODS_ROOT}/Target Support Files/Pods-Repositories App/Pods-Repositories App-frameworks-${CONFIGURATION}-output-files.xcfilelist",
			);
			runOnlyForDeploymentPostprocessing = 0;
			shellPath = /bin/sh;
			shellScript = "\"${PODS_ROOT}/Target Support Files/Pods-Repositories App/Pods-Repositories App-frameworks.sh\"\n";
			showEnvVarsInLog = 0;
		};
		CB575CF7DC3966ABB9C8C0BA /* [CP] Embed Pods Frameworks */ = {
			isa = PBXShellScriptBuildPhase;
			buildActionMask = 2147483647;
			files = (
			);
			inputFileListPaths = (
				"${PODS_ROOT}/Target Support Files/Pods-Repositories App-Repositories AppUITests/Pods-Repositories App-Repositories AppUITests-frameworks-${CONFIGURATION}-input-files.xcfilelist",
			);
			name = "[CP] Embed Pods Frameworks";
			outputFileListPaths = (
				"${PODS_ROOT}/Target Support Files/Pods-Repositories App-Repositories AppUITests/Pods-Repositories App-Repositories AppUITests-frameworks-${CONFIGURATION}-output-files.xcfilelist",
			);
			runOnlyForDeploymentPostprocessing = 0;
			shellPath = /bin/sh;
			shellScript = "\"${PODS_ROOT}/Target Support Files/Pods-Repositories App-Repositories AppUITests/Pods-Repositories App-Repositories AppUITests-frameworks.sh\"\n";
			showEnvVarsInLog = 0;
		};
/* End PBXShellScriptBuildPhase section */

/* Begin PBXSourcesBuildPhase section */
		44D9BF322AEB620C0038F22D /* Sources */ = {
			isa = PBXSourcesBuildPhase;
			buildActionMask = 2147483647;
			files = (
				44D9BF3E2AEB620C0038F22D /* ViewController.swift in Sources */,
				44D9BF442AEB620C0038F22D /* Repositories_App.xcdatamodeld in Sources */,
				44D9BF3A2AEB620C0038F22D /* AppDelegate.swift in Sources */,
				44D9BF3C2AEB620C0038F22D /* SceneDelegate.swift in Sources */,
			);
			runOnlyForDeploymentPostprocessing = 0;
		};
		44D9BF4B2AEB620E0038F22D /* Sources */ = {
			isa = PBXSourcesBuildPhase;
			buildActionMask = 2147483647;
			files = (
				44D9BF542AEB620E0038F22D /* Repositories_AppTests.swift in Sources */,
			);
			runOnlyForDeploymentPostprocessing = 0;
		};
		44D9BF552AEB620E0038F22D /* Sources */ = {
			isa = PBXSourcesBuildPhase;
			buildActionMask = 2147483647;
			files = (
				44D9BF602AEB620E0038F22D /* Repositories_AppUITestsLaunchTests.swift in Sources */,
				44D9BF5E2AEB620E0038F22D /* Repositories_AppUITests.swift in Sources */,
			);
			runOnlyForDeploymentPostprocessing = 0;
		};
/* End PBXSourcesBuildPhase section */

/* Begin PBXTargetDependency section */
		44D9BF512AEB620E0038F22D /* PBXTargetDependency */ = {
			isa = PBXTargetDependency;
			target = 44D9BF352AEB620C0038F22D /* Repositories App */;
			targetProxy = 44D9BF502AEB620E0038F22D /* PBXContainerItemProxy */;
		};
		44D9BF5B2AEB620E0038F22D /* PBXTargetDependency */ = {
			isa = PBXTargetDependency;
			target = 44D9BF352AEB620C0038F22D /* Repositories App */;
			targetProxy = 44D9BF5A2AEB620E0038F22D /* PBXContainerItemProxy */;
		};
/* End PBXTargetDependency section */

/* Begin PBXVariantGroup section */
		44D9BF3F2AEB620C0038F22D /* Main.storyboard */ = {
			isa = PBXVariantGroup;
			children = (
				44D9BF402AEB620C0038F22D /* Base */,
			);
			name = Main.storyboard;
			sourceTree = "<group>";
		};
		44D9BF472AEB620E0038F22D /* LaunchScreen.storyboard */ = {
			isa = PBXVariantGroup;
			children = (
				44D9BF482AEB620E0038F22D /* Base */,
			);
			name = LaunchScreen.storyboard;
			sourceTree = "<group>";
		};
/* End PBXVariantGroup section */

/* Begin XCBuildConfiguration section */
		44D9BF612AEB620E0038F22D /* Debug */ = {
			isa = XCBuildConfiguration;
			buildSettings = {
				ALWAYS_SEARCH_USER_PATHS = NO;
				CLANG_ANALYZER_NONNULL = YES;
				CLANG_ANALYZER_NUMBER_OBJECT_CONVERSION = YES_AGGRESSIVE;
				CLANG_CXX_LANGUAGE_STANDARD = "gnu++20";
				CLANG_ENABLE_MODULES = YES;
				CLANG_ENABLE_OBJC_ARC = YES;
				CLANG_ENABLE_OBJC_WEAK = YES;
				CLANG_WARN_BLOCK_CAPTURE_AUTORELEASING = YES;
				CLANG_WARN_BOOL_CONVERSION = YES;
				CLANG_WARN_COMMA = YES;
				CLANG_WARN_CONSTANT_CONVERSION = YES;
				CLANG_WARN_DEPRECATED_OBJC_IMPLEMENTATIONS = YES;
				CLANG_WARN_DIRECT_OBJC_ISA_USAGE = YES_ERROR;
				CLANG_WARN_DOCUMENTATION_COMMENTS = YES;
				CLANG_WARN_EMPTY_BODY = YES;
				CLANG_WARN_ENUM_CONVERSION = YES;
				CLANG_WARN_INFINITE_RECURSION = YES;
				CLANG_WARN_INT_CONVERSION = YES;
				CLANG_WARN_NON_LITERAL_NULL_CONVERSION = YES;
				CLANG_WARN_OBJC_IMPLICIT_RETAIN_SELF = YES;
				CLANG_WARN_OBJC_LITERAL_CONVERSION = YES;
				CLANG_WARN_OBJC_ROOT_CLASS = YES_ERROR;
				CLANG_WARN_QUOTED_INCLUDE_IN_FRAMEWORK_HEADER = YES;
				CLANG_WARN_RANGE_LOOP_ANALYSIS = YES;
				CLANG_WARN_STRICT_PROTOTYPES = YES;
				CLANG_WARN_SUSPICIOUS_MOVE = YES;
				CLANG_WARN_UNGUARDED_AVAILABILITY = YES_AGGRESSIVE;
				CLANG_WARN_UNREACHABLE_CODE = YES;
				CLANG_WARN__DUPLICATE_METHOD_MATCH = YES;
				COPY_PHASE_STRIP = NO;
				DEBUG_INFORMATION_FORMAT = dwarf;
				ENABLE_STRICT_OBJC_MSGSEND = YES;
				ENABLE_TESTABILITY = YES;
				GCC_C_LANGUAGE_STANDARD = gnu11;
				GCC_DYNAMIC_NO_PIC = NO;
				GCC_NO_COMMON_BLOCKS = YES;
				GCC_OPTIMIZATION_LEVEL = 0;
				GCC_PREPROCESSOR_DEFINITIONS = (
					"DEBUG=1",
					"$(inherited)",
				);
				GCC_WARN_64_TO_32_BIT_CONVERSION = YES;
				GCC_WARN_ABOUT_RETURN_TYPE = YES_ERROR;
				GCC_WARN_UNDECLARED_SELECTOR = YES;
				GCC_WARN_UNINITIALIZED_AUTOS = YES_AGGRESSIVE;
				GCC_WARN_UNUSED_FUNCTION = YES;
				GCC_WARN_UNUSED_VARIABLE = YES;
				IPHONEOS_DEPLOYMENT_TARGET = 16.4;
				MTL_ENABLE_DEBUG_INFO = INCLUDE_SOURCE;
				MTL_FAST_MATH = YES;
				ONLY_ACTIVE_ARCH = YES;
				SDKROOT = iphoneos;
				SWIFT_ACTIVE_COMPILATION_CONDITIONS = DEBUG;
				SWIFT_OPTIMIZATION_LEVEL = "-Onone";
			};
			name = Debug;
		};
		44D9BF622AEB620E0038F22D /* Release */ = {
			isa = XCBuildConfiguration;
			buildSettings = {
				ALWAYS_SEARCH_USER_PATHS = NO;
				CLANG_ANALYZER_NONNULL = YES;
				CLANG_ANALYZER_NUMBER_OBJECT_CONVERSION = YES_AGGRESSIVE;
				CLANG_CXX_LANGUAGE_STANDARD = "gnu++20";
				CLANG_ENABLE_MODULES = YES;
				CLANG_ENABLE_OBJC_ARC = YES;
				CLANG_ENABLE_OBJC_WEAK = YES;
				CLANG_WARN_BLOCK_CAPTURE_AUTORELEASING = YES;
				CLANG_WARN_BOOL_CONVERSION = YES;
				CLANG_WARN_COMMA = YES;
				CLANG_WARN_CONSTANT_CONVERSION = YES;
				CLANG_WARN_DEPRECATED_OBJC_IMPLEMENTATIONS = YES;
				CLANG_WARN_DIRECT_OBJC_ISA_USAGE = YES_ERROR;
				CLANG_WARN_DOCUMENTATION_COMMENTS = YES;
				CLANG_WARN_EMPTY_BODY = YES;
				CLANG_WARN_ENUM_CONVERSION = YES;
				CLANG_WARN_INFINITE_RECURSION = YES;
				CLANG_WARN_INT_CONVERSION = YES;
				CLANG_WARN_NON_LITERAL_NULL_CONVERSION = YES;
				CLANG_WARN_OBJC_IMPLICIT_RETAIN_SELF = YES;
				CLANG_WARN_OBJC_LITERAL_CONVERSION = YES;
				CLANG_WARN_OBJC_ROOT_CLASS = YES_ERROR;
				CLANG_WARN_QUOTED_INCLUDE_IN_FRAMEWORK_HEADER = YES;
				CLANG_WARN_RANGE_LOOP_ANALYSIS = YES;
				CLANG_WARN_STRICT_PROTOTYPES = YES;
				CLANG_WARN_SUSPICIOUS_MOVE = YES;
				CLANG_WARN_UNGUARDED_AVAILABILITY = YES_AGGRESSIVE;
				CLANG_WARN_UNREACHABLE_CODE = YES;
				CLANG_WARN__DUPLICATE_METHOD_MATCH = YES;
				COPY_PHASE_STRIP = NO;
				DEBUG_INFORMATION_FORMAT = "dwarf-with-dsym";
				ENABLE_NS_ASSERTIONS = NO;
				ENABLE_STRICT_OBJC_MSGSEND = YES;
				GCC_C_LANGUAGE_STANDARD = gnu11;
				GCC_NO_COMMON_BLOCKS = YES;
				GCC_WARN_64_TO_32_BIT_CONVERSION = YES;
				GCC_WARN_ABOUT_RETURN_TYPE = YES_ERROR;
				GCC_WARN_UNDECLARED_SELECTOR = YES;
				GCC_WARN_UNINITIALIZED_AUTOS = YES_AGGRESSIVE;
				GCC_WARN_UNUSED_FUNCTION = YES;
				GCC_WARN_UNUSED_VARIABLE = YES;
				IPHONEOS_DEPLOYMENT_TARGET = 16.4;
				MTL_ENABLE_DEBUG_INFO = NO;
				MTL_FAST_MATH = YES;
				SDKROOT = iphoneos;
				SWIFT_COMPILATION_MODE = wholemodule;
				SWIFT_OPTIMIZATION_LEVEL = "-O";
				VALIDATE_PRODUCT = YES;
			};
			name = Release;
		};
		44D9BF642AEB620E0038F22D /* Debug */ = {
			isa = XCBuildConfiguration;
			baseConfigurationReference = F03079A09D86402FC0C4101A /* Pods-Repositories App.debug.xcconfig */;
			buildSettings = {
				ASSETCATALOG_COMPILER_APPICON_NAME = AppIcon;
				ASSETCATALOG_COMPILER_GLOBAL_ACCENT_COLOR_NAME = AccentColor;
				CODE_SIGN_STYLE = Automatic;
				CURRENT_PROJECT_VERSION = 1;
				DEVELOPMENT_TEAM = 8H2679RM7P;
				GENERATE_INFOPLIST_FILE = YES;
				INFOPLIST_FILE = "Repositories App/Info.plist";
				INFOPLIST_KEY_UIApplicationSupportsIndirectInputEvents = YES;
				INFOPLIST_KEY_UILaunchStoryboardName = LaunchScreen;
				INFOPLIST_KEY_UIMainStoryboardFile = Main;
				INFOPLIST_KEY_UISupportedInterfaceOrientations_iPad = "UIInterfaceOrientationPortrait UIInterfaceOrientationPortraitUpsideDown UIInterfaceOrientationLandscapeLeft UIInterfaceOrientationLandscapeRight";
				INFOPLIST_KEY_UISupportedInterfaceOrientations_iPhone = "UIInterfaceOrientationPortrait UIInterfaceOrientationLandscapeLeft UIInterfaceOrientationLandscapeRight";
				LD_RUNPATH_SEARCH_PATHS = (
					"$(inherited)",
					"@executable_path/Frameworks",
				);
				MARKETING_VERSION = 1.0;
				PRODUCT_BUNDLE_IDENTIFIER = "mariam.Repositories-App";
				PRODUCT_NAME = "$(TARGET_NAME)";
				SWIFT_EMIT_LOC_STRINGS = YES;
				SWIFT_VERSION = 5.0;
				TARGETED_DEVICE_FAMILY = "1,2";
			};
			name = Debug;
		};
		44D9BF652AEB620E0038F22D /* Release */ = {
			isa = XCBuildConfiguration;
			baseConfigurationReference = 5AF4F64AC76228E80E0C6687 /* Pods-Repositories App.release.xcconfig */;
			buildSettings = {
				ASSETCATALOG_COMPILER_APPICON_NAME = AppIcon;
				ASSETCATALOG_COMPILER_GLOBAL_ACCENT_COLOR_NAME = AccentColor;
				CODE_SIGN_STYLE = Automatic;
				CURRENT_PROJECT_VERSION = 1;
				DEVELOPMENT_TEAM = 8H2679RM7P;
				GENERATE_INFOPLIST_FILE = YES;
				INFOPLIST_FILE = "Repositories App/Info.plist";
				INFOPLIST_KEY_UIApplicationSupportsIndirectInputEvents = YES;
				INFOPLIST_KEY_UILaunchStoryboardName = LaunchScreen;
				INFOPLIST_KEY_UIMainStoryboardFile = Main;
				INFOPLIST_KEY_UISupportedInterfaceOrientations_iPad = "UIInterfaceOrientationPortrait UIInterfaceOrientationPortraitUpsideDown UIInterfaceOrientationLandscapeLeft UIInterfaceOrientationLandscapeRight";
				INFOPLIST_KEY_UISupportedInterfaceOrientations_iPhone = "UIInterfaceOrientationPortrait UIInterfaceOrientationLandscapeLeft UIInterfaceOrientationLandscapeRight";
				LD_RUNPATH_SEARCH_PATHS = (
					"$(inherited)",
					"@executable_path/Frameworks",
				);
				MARKETING_VERSION = 1.0;
				PRODUCT_BUNDLE_IDENTIFIER = "mariam.Repositories-App";
				PRODUCT_NAME = "$(TARGET_NAME)";
				SWIFT_EMIT_LOC_STRINGS = YES;
				SWIFT_VERSION = 5.0;
				TARGETED_DEVICE_FAMILY = "1,2";
			};
			name = Release;
		};
		44D9BF672AEB620E0038F22D /* Debug */ = {
			isa = XCBuildConfiguration;
			baseConfigurationReference = 5A75D3E10E2CB54FDB5A804F /* Pods-Repositories AppTests.debug.xcconfig */;
			buildSettings = {
				ALWAYS_EMBED_SWIFT_STANDARD_LIBRARIES = YES;
				BUNDLE_LOADER = "$(TEST_HOST)";
				CODE_SIGN_STYLE = Automatic;
				CURRENT_PROJECT_VERSION = 1;
				DEVELOPMENT_TEAM = 8H2679RM7P;
				GENERATE_INFOPLIST_FILE = YES;
				IPHONEOS_DEPLOYMENT_TARGET = 16.4;
				MARKETING_VERSION = 1.0;
				PRODUCT_BUNDLE_IDENTIFIER = "mariam.Repositories-AppTests";
				PRODUCT_NAME = "$(TARGET_NAME)";
				SWIFT_EMIT_LOC_STRINGS = NO;
				SWIFT_VERSION = 5.0;
				TARGETED_DEVICE_FAMILY = "1,2";
				TEST_HOST = "$(BUILT_PRODUCTS_DIR)/Repositories App.app/$(BUNDLE_EXECUTABLE_FOLDER_PATH)/Repositories App";
			};
			name = Debug;
		};
		44D9BF682AEB620E0038F22D /* Release */ = {
			isa = XCBuildConfiguration;
			baseConfigurationReference = A507BC8BE1C308744B49AC01 /* Pods-Repositories AppTests.release.xcconfig */;
			buildSettings = {
				ALWAYS_EMBED_SWIFT_STANDARD_LIBRARIES = YES;
				BUNDLE_LOADER = "$(TEST_HOST)";
				CODE_SIGN_STYLE = Automatic;
				CURRENT_PROJECT_VERSION = 1;
				DEVELOPMENT_TEAM = 8H2679RM7P;
				GENERATE_INFOPLIST_FILE = YES;
				IPHONEOS_DEPLOYMENT_TARGET = 16.4;
				MARKETING_VERSION = 1.0;
				PRODUCT_BUNDLE_IDENTIFIER = "mariam.Repositories-AppTests";
				PRODUCT_NAME = "$(TARGET_NAME)";
				SWIFT_EMIT_LOC_STRINGS = NO;
				SWIFT_VERSION = 5.0;
				TARGETED_DEVICE_FAMILY = "1,2";
				TEST_HOST = "$(BUILT_PRODUCTS_DIR)/Repositories App.app/$(BUNDLE_EXECUTABLE_FOLDER_PATH)/Repositories App";
			};
			name = Release;
		};
		44D9BF6A2AEB620E0038F22D /* Debug */ = {
			isa = XCBuildConfiguration;
			baseConfigurationReference = F4609C5AA705A096E91C4329 /* Pods-Repositories App-Repositories AppUITests.debug.xcconfig */;
			buildSettings = {
				ALWAYS_EMBED_SWIFT_STANDARD_LIBRARIES = YES;
				CODE_SIGN_STYLE = Automatic;
				CURRENT_PROJECT_VERSION = 1;
				DEVELOPMENT_TEAM = 8H2679RM7P;
				GENERATE_INFOPLIST_FILE = YES;
				MARKETING_VERSION = 1.0;
				PRODUCT_BUNDLE_IDENTIFIER = "mariam.Repositories-AppUITests";
				PRODUCT_NAME = "$(TARGET_NAME)";
				SWIFT_EMIT_LOC_STRINGS = NO;
				SWIFT_VERSION = 5.0;
				TARGETED_DEVICE_FAMILY = "1,2";
				TEST_TARGET_NAME = "Repositories App";
			};
			name = Debug;
		};
		44D9BF6B2AEB620E0038F22D /* Release */ = {
			isa = XCBuildConfiguration;
			baseConfigurationReference = D5D3BD1A6F658AC4E3B13606 /* Pods-Repositories App-Repositories AppUITests.release.xcconfig */;
			buildSettings = {
				ALWAYS_EMBED_SWIFT_STANDARD_LIBRARIES = YES;
				CODE_SIGN_STYLE = Automatic;
				CURRENT_PROJECT_VERSION = 1;
				DEVELOPMENT_TEAM = 8H2679RM7P;
				GENERATE_INFOPLIST_FILE = YES;
				MARKETING_VERSION = 1.0;
				PRODUCT_BUNDLE_IDENTIFIER = "mariam.Repositories-AppUITests";
				PRODUCT_NAME = "$(TARGET_NAME)";
				SWIFT_EMIT_LOC_STRINGS = NO;
				SWIFT_VERSION = 5.0;
				TARGETED_DEVICE_FAMILY = "1,2";
				TEST_TARGET_NAME = "Repositories App";
			};
			name = Release;
		};
/* End XCBuildConfiguration section */

/* Begin XCConfigurationList section */
		44D9BF312AEB620C0038F22D /* Build configuration list for PBXProject "Repositories App" */ = {
			isa = XCConfigurationList;
			buildConfigurations = (
				44D9BF612AEB620E0038F22D /* Debug */,
				44D9BF622AEB620E0038F22D /* Release */,
			);
			defaultConfigurationIsVisible = 0;
			defaultConfigurationName = Release;
		};
		44D9BF632AEB620E0038F22D /* Build configuration list for PBXNativeTarget "Repositories App" */ = {
			isa = XCConfigurationList;
			buildConfigurations = (
				44D9BF642AEB620E0038F22D /* Debug */,
				44D9BF652AEB620E0038F22D /* Release */,
			);
			defaultConfigurationIsVisible = 0;
			defaultConfigurationName = Release;
		};
		44D9BF662AEB620E0038F22D /* Build configuration list for PBXNativeTarget "Repositories AppTests" */ = {
			isa = XCConfigurationList;
			buildConfigurations = (
				44D9BF672AEB620E0038F22D /* Debug */,
				44D9BF682AEB620E0038F22D /* Release */,
			);
			defaultConfigurationIsVisible = 0;
			defaultConfigurationName = Release;
		};
		44D9BF692AEB620E0038F22D /* Build configuration list for PBXNativeTarget "Repositories AppUITests" */ = {
			isa = XCConfigurationList;
			buildConfigurations = (
				44D9BF6A2AEB620E0038F22D /* Debug */,
				44D9BF6B2AEB620E0038F22D /* Release */,
			);
			defaultConfigurationIsVisible = 0;
			defaultConfigurationName = Release;
		};
/* End XCConfigurationList section */

/* Begin XCVersionGroup section */
		44D9BF422AEB620C0038F22D /* Repositories_App.xcdatamodeld */ = {
			isa = XCVersionGroup;
			children = (
				44D9BF432AEB620C0038F22D /* Repositories_App.xcdatamodel */,
			);
			currentVersion = 44D9BF432AEB620C0038F22D /* Repositories_App.xcdatamodel */;
			path = Repositories_App.xcdatamodeld;
			sourceTree = "<group>";
			versionGroupType = wrapper.xcdatamodel;
		};
/* End XCVersionGroup section */
	};
	rootObject = 44D9BF2E2AEB620C0038F22D /* Project object */;
}
